// !$*UTF8*$!
{
	archiveVersion = 1;
	classes = {
	};
	objectVersion = 56;
	objects = {

/* Begin PBXBuildFile section */
		97F12D2B29B44EAD009F74B3 /* FlowMagic_SDKApp.swift in Sources */ = {isa = PBXBuildFile; fileRef = 97F12D2A29B44EAD009F74B3 /* FlowMagic_SDKApp.swift */; };
		97F12D2D29B44EAD009F74B3 /* ContentView.swift in Sources */ = {isa = PBXBuildFile; fileRef = 97F12D2C29B44EAD009F74B3 /* ContentView.swift */; };
		97F12D2F29B44EAE009F74B3 /* Assets.xcassets in Resources */ = {isa = PBXBuildFile; fileRef = 97F12D2E29B44EAE009F74B3 /* Assets.xcassets */; };
		97F12D3229B44EAE009F74B3 /* Preview Assets.xcassets in Resources */ = {isa = PBXBuildFile; fileRef = 97F12D3129B44EAE009F74B3 /* Preview Assets.xcassets */; };
		97F12D3929B44F57009F74B3 /* FlowMagicSDK.swift in Sources */ = {isa = PBXBuildFile; fileRef = 97F12D3829B44F57009F74B3 /* FlowMagicSDK.swift */; };
		97F12D3C29B44FA8009F74B3 /* flowMagicViewModel.swift in Sources */ = {isa = PBXBuildFile; fileRef = 97F12D3B29B44FA8009F74B3 /* flowMagicViewModel.swift */; };
		97F12D3F29B44FCF009F74B3 /* View+Extension.swift in Sources */ = {isa = PBXBuildFile; fileRef = 97F12D3E29B44FCF009F74B3 /* View+Extension.swift */; };
		97F12D4229B44FF9009F74B3 /* Constants.swift in Sources */ = {isa = PBXBuildFile; fileRef = 97F12D4129B44FF9009F74B3 /* Constants.swift */; };
		97F12D4529B45018009F74B3 /* screenFlowModel.swift in Sources */ = {isa = PBXBuildFile; fileRef = 97F12D4429B45018009F74B3 /* screenFlowModel.swift */; };
		97F12D4829B45046009F74B3 /* WebService.swift in Sources */ = {isa = PBXBuildFile; fileRef = 97F12D4729B45046009F74B3 /* WebService.swift */; };
		97F12D7829B56839009F74B3 /* endpointsTests.swift in Sources */ = {isa = PBXBuildFile; fileRef = 97F12D7729B56839009F74B3 /* endpointsTests.swift */; };
/* End PBXBuildFile section */

/* Begin PBXContainerItemProxy section */
		97F12D7929B56839009F74B3 /* PBXContainerItemProxy */ = {
			isa = PBXContainerItemProxy;
			containerPortal = 97F12D1F29B44EAD009F74B3 /* Project object */;
			proxyType = 1;
			remoteGlobalIDString = 97F12D2629B44EAD009F74B3;
			remoteInfo = "FlowMagic-SDK";
		};
/* End PBXContainerItemProxy section */

/* Begin PBXFileReference section */
		97F12D2729B44EAD009F74B3 /* FlowMagic-SDK.app */ = {isa = PBXFileReference; explicitFileType = wrapper.application; includeInIndex = 0; path = "FlowMagic-SDK.app"; sourceTree = BUILT_PRODUCTS_DIR; };
		97F12D2A29B44EAD009F74B3 /* FlowMagic_SDKApp.swift */ = {isa = PBXFileReference; lastKnownFileType = sourcecode.swift; path = FlowMagic_SDKApp.swift; sourceTree = "<group>"; };
		97F12D2C29B44EAD009F74B3 /* ContentView.swift */ = {isa = PBXFileReference; lastKnownFileType = sourcecode.swift; path = ContentView.swift; sourceTree = "<group>"; };
		97F12D2E29B44EAE009F74B3 /* Assets.xcassets */ = {isa = PBXFileReference; lastKnownFileType = folder.assetcatalog; path = Assets.xcassets; sourceTree = "<group>"; };
		97F12D3129B44EAE009F74B3 /* Preview Assets.xcassets */ = {isa = PBXFileReference; lastKnownFileType = folder.assetcatalog; path = "Preview Assets.xcassets"; sourceTree = "<group>"; };
		97F12D3829B44F57009F74B3 /* FlowMagicSDK.swift */ = {isa = PBXFileReference; lastKnownFileType = sourcecode.swift; path = FlowMagicSDK.swift; sourceTree = "<group>"; };
		97F12D3B29B44FA8009F74B3 /* flowMagicViewModel.swift */ = {isa = PBXFileReference; lastKnownFileType = sourcecode.swift; path = flowMagicViewModel.swift; sourceTree = "<group>"; };
		97F12D3E29B44FCF009F74B3 /* View+Extension.swift */ = {isa = PBXFileReference; lastKnownFileType = sourcecode.swift; path = "View+Extension.swift"; sourceTree = "<group>"; };
		97F12D4129B44FF9009F74B3 /* Constants.swift */ = {isa = PBXFileReference; lastKnownFileType = sourcecode.swift; path = Constants.swift; sourceTree = "<group>"; };
		97F12D4429B45018009F74B3 /* screenFlowModel.swift */ = {isa = PBXFileReference; lastKnownFileType = sourcecode.swift; path = screenFlowModel.swift; sourceTree = "<group>"; };
		97F12D4729B45046009F74B3 /* WebService.swift */ = {isa = PBXFileReference; lastKnownFileType = sourcecode.swift; path = WebService.swift; sourceTree = "<group>"; };
		97F12D7529B56839009F74B3 /* FlowMagic-SDKTests.xctest */ = {isa = PBXFileReference; explicitFileType = wrapper.cfbundle; includeInIndex = 0; path = "FlowMagic-SDKTests.xctest"; sourceTree = BUILT_PRODUCTS_DIR; };
		97F12D7729B56839009F74B3 /* endpointsTests.swift */ = {isa = PBXFileReference; lastKnownFileType = sourcecode.swift; path = endpointsTests.swift; sourceTree = "<group>"; };
/* End PBXFileReference section */

/* Begin PBXFrameworksBuildPhase section */
		97F12D2429B44EAD009F74B3 /* Frameworks */ = {
			isa = PBXFrameworksBuildPhase;
			buildActionMask = 2147483647;
			files = (
			);
			runOnlyForDeploymentPostprocessing = 0;
		};
		97F12D7229B56839009F74B3 /* Frameworks */ = {
			isa = PBXFrameworksBuildPhase;
			buildActionMask = 2147483647;
			files = (
			);
			runOnlyForDeploymentPostprocessing = 0;
		};
/* End PBXFrameworksBuildPhase section */

/* Begin PBXGroup section */
		97F12D1E29B44EAD009F74B3 = {
			isa = PBXGroup;
			children = (
				97F12D2929B44EAD009F74B3 /* FlowMagic-SDK */,
				97F12D7629B56839009F74B3 /* FlowMagic-SDKTests */,
				97F12D2829B44EAD009F74B3 /* Products */,
			);
			sourceTree = "<group>";
		};
		97F12D2829B44EAD009F74B3 /* Products */ = {
			isa = PBXGroup;
			children = (
				97F12D2729B44EAD009F74B3 /* FlowMagic-SDK.app */,
				97F12D7529B56839009F74B3 /* FlowMagic-SDKTests.xctest */,
			);
			name = Products;
			sourceTree = "<group>";
		};
		97F12D2929B44EAD009F74B3 /* FlowMagic-SDK */ = {
			isa = PBXGroup;
			children = (
				97F12D4629B45035009F74B3 /* Services */,
				97F12D4329B45009009F74B3 /* Model */,
				97F12D4029B44FE8009F74B3 /* Utils */,
				97F12D3D29B44FBA009F74B3 /* Extensions */,
				97F12D3A29B44F90009F74B3 /* ViewModels */,
				97F12D2A29B44EAD009F74B3 /* FlowMagic_SDKApp.swift */,
				97F12D2C29B44EAD009F74B3 /* ContentView.swift */,
				97F12D3829B44F57009F74B3 /* FlowMagicSDK.swift */,
				97F12D2E29B44EAE009F74B3 /* Assets.xcassets */,
				97F12D3029B44EAE009F74B3 /* Preview Content */,
			);
			path = "FlowMagic-SDK";
			sourceTree = "<group>";
		};
		97F12D3029B44EAE009F74B3 /* Preview Content */ = {
			isa = PBXGroup;
			children = (
				97F12D3129B44EAE009F74B3 /* Preview Assets.xcassets */,
			);
			path = "Preview Content";
			sourceTree = "<group>";
		};
		97F12D3A29B44F90009F74B3 /* ViewModels */ = {
			isa = PBXGroup;
			children = (
				97F12D3B29B44FA8009F74B3 /* flowMagicViewModel.swift */,
			);
			path = ViewModels;
			sourceTree = "<group>";
		};
		97F12D3D29B44FBA009F74B3 /* Extensions */ = {
			isa = PBXGroup;
			children = (
				97F12D3E29B44FCF009F74B3 /* View+Extension.swift */,
			);
			path = Extensions;
			sourceTree = "<group>";
		};
		97F12D4029B44FE8009F74B3 /* Utils */ = {
			isa = PBXGroup;
			children = (
				97F12D4129B44FF9009F74B3 /* Constants.swift */,
			);
			path = Utils;
			sourceTree = "<group>";
		};
		97F12D4329B45009009F74B3 /* Model */ = {
			isa = PBXGroup;
			children = (
				97F12D4429B45018009F74B3 /* screenFlowModel.swift */,
			);
			path = Model;
			sourceTree = "<group>";
		};
		97F12D4629B45035009F74B3 /* Services */ = {
			isa = PBXGroup;
			children = (
				97F12D4729B45046009F74B3 /* WebService.swift */,
			);
			path = Services;
			sourceTree = "<group>";
		};
		97F12D7629B56839009F74B3 /* FlowMagic-SDKTests */ = {
			isa = PBXGroup;
			children = (
				97F12D7E29B56844009F74B3 /* EndPointTests */,
				97F12D7729B56839009F74B3 /* endpointsTests.swift */,
			);
			path = "FlowMagic-SDKTests";
			sourceTree = "<group>";
		};
		97F12D7E29B56844009F74B3 /* EndPointTests */ = {
			isa = PBXGroup;
			children = (
			);
			path = EndPointTests;
			sourceTree = "<group>";
		};
/* End PBXGroup section */

/* Begin PBXNativeTarget section */
		97F12D2629B44EAD009F74B3 /* FlowMagic-SDK */ = {
			isa = PBXNativeTarget;
			buildConfigurationList = 97F12D3529B44EAE009F74B3 /* Build configuration list for PBXNativeTarget "FlowMagic-SDK" */;
			buildPhases = (
				97F12D2329B44EAD009F74B3 /* Sources */,
				97F12D2429B44EAD009F74B3 /* Frameworks */,
				97F12D2529B44EAD009F74B3 /* Resources */,
				97F12D4929B4510B009F74B3 /* SwiftLint */,
			);
			buildRules = (
			);
			dependencies = (
			);
			name = "FlowMagic-SDK";
			productName = "FlowMagic-SDK";
			productReference = 97F12D2729B44EAD009F74B3 /* FlowMagic-SDK.app */;
			productType = "com.apple.product-type.application";
		};
		97F12D7429B56839009F74B3 /* FlowMagic-SDKTests */ = {
			isa = PBXNativeTarget;
			buildConfigurationList = 97F12D7B29B56839009F74B3 /* Build configuration list for PBXNativeTarget "FlowMagic-SDKTests" */;
			buildPhases = (
				97F12D7129B56839009F74B3 /* Sources */,
				97F12D7229B56839009F74B3 /* Frameworks */,
				97F12D7329B56839009F74B3 /* Resources */,
			);
			buildRules = (
			);
			dependencies = (
				97F12D7A29B56839009F74B3 /* PBXTargetDependency */,
			);
			name = "FlowMagic-SDKTests";
			productName = "FlowMagic-SDKTests";
			productReference = 97F12D7529B56839009F74B3 /* FlowMagic-SDKTests.xctest */;
			productType = "com.apple.product-type.bundle.unit-test";
		};
/* End PBXNativeTarget section */

/* Begin PBXProject section */
		97F12D1F29B44EAD009F74B3 /* Project object */ = {
			isa = PBXProject;
			attributes = {
				BuildIndependentTargetsInParallel = 1;
				LastSwiftUpdateCheck = 1410;
				LastUpgradeCheck = 1410;
				TargetAttributes = {
					97F12D2629B44EAD009F74B3 = {
						CreatedOnToolsVersion = 14.1;
					};
					97F12D7429B56839009F74B3 = {
						CreatedOnToolsVersion = 14.1;
						TestTargetID = 97F12D2629B44EAD009F74B3;
					};
				};
			};
			buildConfigurationList = 97F12D2229B44EAD009F74B3 /* Build configuration list for PBXProject "FlowMagic-SDK" */;
			compatibilityVersion = "Xcode 14.0";
			developmentRegion = en;
			hasScannedForEncodings = 0;
			knownRegions = (
				en,
				Base,
			);
			mainGroup = 97F12D1E29B44EAD009F74B3;
			productRefGroup = 97F12D2829B44EAD009F74B3 /* Products */;
			projectDirPath = "";
			projectRoot = "";
			targets = (
				97F12D2629B44EAD009F74B3 /* FlowMagic-SDK */,
				97F12D7429B56839009F74B3 /* FlowMagic-SDKTests */,
			);
		};
/* End PBXProject section */

/* Begin PBXResourcesBuildPhase section */
		97F12D2529B44EAD009F74B3 /* Resources */ = {
			isa = PBXResourcesBuildPhase;
			buildActionMask = 2147483647;
			files = (
				97F12D3229B44EAE009F74B3 /* Preview Assets.xcassets in Resources */,
				97F12D2F29B44EAE009F74B3 /* Assets.xcassets in Resources */,
			);
			runOnlyForDeploymentPostprocessing = 0;
		};
		97F12D7329B56839009F74B3 /* Resources */ = {
			isa = PBXResourcesBuildPhase;
			buildActionMask = 2147483647;
			files = (
			);
			runOnlyForDeploymentPostprocessing = 0;
		};
/* End PBXResourcesBuildPhase section */

/* Begin PBXShellScriptBuildPhase section */
		97F12D4929B4510B009F74B3 /* SwiftLint */ = {
			isa = PBXShellScriptBuildPhase;
			alwaysOutOfDate = 1;
			buildActionMask = 2147483647;
			files = (
			);
			inputFileListPaths = (
			);
			inputPaths = (
			);
			name = SwiftLint;
			outputFileListPaths = (
			);
			outputPaths = (
			);
			runOnlyForDeploymentPostprocessing = 0;
			shellPath = /bin/sh;
			shellScript = "# swiftlint everything\nexport PATH=\"$PATH:/opt/homebrew/bin\"\nif which swiftlint >/dev/null; then\n  swiftlint\nelse\n  echo \"warning: SwiftLint not installed.\"\nfi\n";
		};
/* End PBXShellScriptBuildPhase section */

/* Begin PBXSourcesBuildPhase section */
		97F12D2329B44EAD009F74B3 /* Sources */ = {
			isa = PBXSourcesBuildPhase;
			buildActionMask = 2147483647;
			files = (
				97F12D3C29B44FA8009F74B3 /* flowMagicViewModel.swift in Sources */,
				97F12D3929B44F57009F74B3 /* FlowMagicSDK.swift in Sources */,
				97F12D4829B45046009F74B3 /* WebService.swift in Sources */,
				97F12D3F29B44FCF009F74B3 /* View+Extension.swift in Sources */,
				97F12D2D29B44EAD009F74B3 /* ContentView.swift in Sources */,
				97F12D4529B45018009F74B3 /* screenFlowModel.swift in Sources */,
				97F12D2B29B44EAD009F74B3 /* FlowMagic_SDKApp.swift in Sources */,
				97F12D4229B44FF9009F74B3 /* Constants.swift in Sources */,
			);
			runOnlyForDeploymentPostprocessing = 0;
		};
		97F12D7129B56839009F74B3 /* Sources */ = {
			isa = PBXSourcesBuildPhase;
			buildActionMask = 2147483647;
			files = (
				97F12D7829B56839009F74B3 /* endpointsTests.swift in Sources */,
			);
			runOnlyForDeploymentPostprocessing = 0;
		};
/* End PBXSourcesBuildPhase section */

/* Begin PBXTargetDependency section */
		97F12D7A29B56839009F74B3 /* PBXTargetDependency */ = {
			isa = PBXTargetDependency;
			target = 97F12D2629B44EAD009F74B3 /* FlowMagic-SDK */;
			targetProxy = 97F12D7929B56839009F74B3 /* PBXContainerItemProxy */;
		};
/* End PBXTargetDependency section */

/* Begin XCBuildConfiguration section */
		97F12D3329B44EAE009F74B3 /* Debug */ = {
			isa = XCBuildConfiguration;
			buildSettings = {
				ALWAYS_SEARCH_USER_PATHS = NO;
				CLANG_ANALYZER_NONNULL = YES;
				CLANG_ANALYZER_NUMBER_OBJECT_CONVERSION = YES_AGGRESSIVE;
				CLANG_CXX_LANGUAGE_STANDARD = "gnu++20";
				CLANG_ENABLE_MODULES = YES;
				CLANG_ENABLE_OBJC_ARC = YES;
				CLANG_ENABLE_OBJC_WEAK = YES;
				CLANG_WARN_BLOCK_CAPTURE_AUTORELEASING = YES;
				CLANG_WARN_BOOL_CONVERSION = YES;
				CLANG_WARN_COMMA = YES;
				CLANG_WARN_CONSTANT_CONVERSION = YES;
				CLANG_WARN_DEPRECATED_OBJC_IMPLEMENTATIONS = YES;
				CLANG_WARN_DIRECT_OBJC_ISA_USAGE = YES_ERROR;
				CLANG_WARN_DOCUMENTATION_COMMENTS = YES;
				CLANG_WARN_EMPTY_BODY = YES;
				CLANG_WARN_ENUM_CONVERSION = YES;
				CLANG_WARN_INFINITE_RECURSION = YES;
				CLANG_WARN_INT_CONVERSION = YES;
				CLANG_WARN_NON_LITERAL_NULL_CONVERSION = YES;
				CLANG_WARN_OBJC_IMPLICIT_RETAIN_SELF = YES;
				CLANG_WARN_OBJC_LITERAL_CONVERSION = YES;
				CLANG_WARN_OBJC_ROOT_CLASS = YES_ERROR;
				CLANG_WARN_QUOTED_INCLUDE_IN_FRAMEWORK_HEADER = YES;
				CLANG_WARN_RANGE_LOOP_ANALYSIS = YES;
				CLANG_WARN_STRICT_PROTOTYPES = YES;
				CLANG_WARN_SUSPICIOUS_MOVE = YES;
				CLANG_WARN_UNGUARDED_AVAILABILITY = YES_AGGRESSIVE;
				CLANG_WARN_UNREACHABLE_CODE = YES;
				CLANG_WARN__DUPLICATE_METHOD_MATCH = YES;
				COPY_PHASE_STRIP = NO;
				DEBUG_INFORMATION_FORMAT = dwarf;
				ENABLE_STRICT_OBJC_MSGSEND = YES;
				ENABLE_TESTABILITY = YES;
				GCC_C_LANGUAGE_STANDARD = gnu11;
				GCC_DYNAMIC_NO_PIC = NO;
				GCC_NO_COMMON_BLOCKS = YES;
				GCC_OPTIMIZATION_LEVEL = 0;
				GCC_PREPROCESSOR_DEFINITIONS = (
					"DEBUG=1",
					"$(inherited)",
				);
				GCC_WARN_64_TO_32_BIT_CONVERSION = YES;
				GCC_WARN_ABOUT_RETURN_TYPE = YES_ERROR;
				GCC_WARN_UNDECLARED_SELECTOR = YES;
				GCC_WARN_UNINITIALIZED_AUTOS = YES_AGGRESSIVE;
				GCC_WARN_UNUSED_FUNCTION = YES;
				GCC_WARN_UNUSED_VARIABLE = YES;
				IPHONEOS_DEPLOYMENT_TARGET = 16.1;
				MTL_ENABLE_DEBUG_INFO = INCLUDE_SOURCE;
				MTL_FAST_MATH = YES;
				ONLY_ACTIVE_ARCH = YES;
				SDKROOT = iphoneos;
				SWIFT_ACTIVE_COMPILATION_CONDITIONS = DEBUG;
				SWIFT_OPTIMIZATION_LEVEL = "-Onone";
			};
			name = Debug;
		};
		97F12D3429B44EAE009F74B3 /* Release */ = {
			isa = XCBuildConfiguration;
			buildSettings = {
				ALWAYS_SEARCH_USER_PATHS = NO;
				CLANG_ANALYZER_NONNULL = YES;
				CLANG_ANALYZER_NUMBER_OBJECT_CONVERSION = YES_AGGRESSIVE;
				CLANG_CXX_LANGUAGE_STANDARD = "gnu++20";
				CLANG_ENABLE_MODULES = YES;
				CLANG_ENABLE_OBJC_ARC = YES;
				CLANG_ENABLE_OBJC_WEAK = YES;
				CLANG_WARN_BLOCK_CAPTURE_AUTORELEASING = YES;
				CLANG_WARN_BOOL_CONVERSION = YES;
				CLANG_WARN_COMMA = YES;
				CLANG_WARN_CONSTANT_CONVERSION = YES;
				CLANG_WARN_DEPRECATED_OBJC_IMPLEMENTATIONS = YES;
				CLANG_WARN_DIRECT_OBJC_ISA_USAGE = YES_ERROR;
				CLANG_WARN_DOCUMENTATION_COMMENTS = YES;
				CLANG_WARN_EMPTY_BODY = YES;
				CLANG_WARN_ENUM_CONVERSION = YES;
				CLANG_WARN_INFINITE_RECURSION = YES;
				CLANG_WARN_INT_CONVERSION = YES;
				CLANG_WARN_NON_LITERAL_NULL_CONVERSION = YES;
				CLANG_WARN_OBJC_IMPLICIT_RETAIN_SELF = YES;
				CLANG_WARN_OBJC_LITERAL_CONVERSION = YES;
				CLANG_WARN_OBJC_ROOT_CLASS = YES_ERROR;
				CLANG_WARN_QUOTED_INCLUDE_IN_FRAMEWORK_HEADER = YES;
				CLANG_WARN_RANGE_LOOP_ANALYSIS = YES;
				CLANG_WARN_STRICT_PROTOTYPES = YES;
				CLANG_WARN_SUSPICIOUS_MOVE = YES;
				CLANG_WARN_UNGUARDED_AVAILABILITY = YES_AGGRESSIVE;
				CLANG_WARN_UNREACHABLE_CODE = YES;
				CLANG_WARN__DUPLICATE_METHOD_MATCH = YES;
				COPY_PHASE_STRIP = NO;
				DEBUG_INFORMATION_FORMAT = "dwarf-with-dsym";
				ENABLE_NS_ASSERTIONS = NO;
				ENABLE_STRICT_OBJC_MSGSEND = YES;
				GCC_C_LANGUAGE_STANDARD = gnu11;
				GCC_NO_COMMON_BLOCKS = YES;
				GCC_WARN_64_TO_32_BIT_CONVERSION = YES;
				GCC_WARN_ABOUT_RETURN_TYPE = YES_ERROR;
				GCC_WARN_UNDECLARED_SELECTOR = YES;
				GCC_WARN_UNINITIALIZED_AUTOS = YES_AGGRESSIVE;
				GCC_WARN_UNUSED_FUNCTION = YES;
				GCC_WARN_UNUSED_VARIABLE = YES;
				IPHONEOS_DEPLOYMENT_TARGET = 16.1;
				MTL_ENABLE_DEBUG_INFO = NO;
				MTL_FAST_MATH = YES;
				SDKROOT = iphoneos;
				SWIFT_COMPILATION_MODE = wholemodule;
				SWIFT_OPTIMIZATION_LEVEL = "-O";
				VALIDATE_PRODUCT = YES;
			};
			name = Release;
		};
		97F12D3629B44EAE009F74B3 /* Debug */ = {
			isa = XCBuildConfiguration;
			buildSettings = {
				ASSETCATALOG_COMPILER_APPICON_NAME = AppIcon;
				ASSETCATALOG_COMPILER_GLOBAL_ACCENT_COLOR_NAME = AccentColor;
				CODE_SIGN_STYLE = Automatic;
				CURRENT_PROJECT_VERSION = 1;
				DEVELOPMENT_ASSET_PATHS = "\"FlowMagic-SDK/Preview Content\"";
				DEVELOPMENT_TEAM = WP95FZ7WFY;
				ENABLE_PREVIEWS = YES;
				GENERATE_INFOPLIST_FILE = YES;
				INFOPLIST_KEY_UIApplicationSceneManifest_Generation = YES;
				INFOPLIST_KEY_UIApplicationSupportsIndirectInputEvents = YES;
				INFOPLIST_KEY_UILaunchScreen_Generation = YES;
				INFOPLIST_KEY_UISupportedInterfaceOrientations_iPad = "UIInterfaceOrientationPortrait UIInterfaceOrientationPortraitUpsideDown UIInterfaceOrientationLandscapeLeft UIInterfaceOrientationLandscapeRight";
				INFOPLIST_KEY_UISupportedInterfaceOrientations_iPhone = "UIInterfaceOrientationPortrait UIInterfaceOrientationLandscapeLeft UIInterfaceOrientationLandscapeRight";
				LD_RUNPATH_SEARCH_PATHS = (
					"$(inherited)",
					"@executable_path/Frameworks",
				);
				MARKETING_VERSION = 1.0;
				PRODUCT_BUNDLE_IDENTIFIER = "com.Kedar.FlowMagic-SDK";
				PRODUCT_NAME = "$(TARGET_NAME)";
				SWIFT_EMIT_LOC_STRINGS = YES;
				SWIFT_VERSION = 5.0;
				TARGETED_DEVICE_FAMILY = "1,2";
			};
			name = Debug;
		};
		97F12D3729B44EAE009F74B3 /* Release */ = {
			isa = XCBuildConfiguration;
			buildSettings = {
				ASSETCATALOG_COMPILER_APPICON_NAME = AppIcon;
				ASSETCATALOG_COMPILER_GLOBAL_ACCENT_COLOR_NAME = AccentColor;
				CODE_SIGN_STYLE = Automatic;
				CURRENT_PROJECT_VERSION = 1;
				DEVELOPMENT_ASSET_PATHS = "\"FlowMagic-SDK/Preview Content\"";
				DEVELOPMENT_TEAM = WP95FZ7WFY;
				ENABLE_PREVIEWS = YES;
				GENERATE_INFOPLIST_FILE = YES;
				INFOPLIST_KEY_UIApplicationSceneManifest_Generation = YES;
				INFOPLIST_KEY_UIApplicationSupportsIndirectInputEvents = YES;
				INFOPLIST_KEY_UILaunchScreen_Generation = YES;
				INFOPLIST_KEY_UISupportedInterfaceOrientations_iPad = "UIInterfaceOrientationPortrait UIInterfaceOrientationPortraitUpsideDown UIInterfaceOrientationLandscapeLeft UIInterfaceOrientationLandscapeRight";
				INFOPLIST_KEY_UISupportedInterfaceOrientations_iPhone = "UIInterfaceOrientationPortrait UIInterfaceOrientationLandscapeLeft UIInterfaceOrientationLandscapeRight";
				LD_RUNPATH_SEARCH_PATHS = (
					"$(inherited)",
					"@executable_path/Frameworks",
				);
				MARKETING_VERSION = 1.0;
				PRODUCT_BUNDLE_IDENTIFIER = "com.Kedar.FlowMagic-SDK";
				PRODUCT_NAME = "$(TARGET_NAME)";
				SWIFT_EMIT_LOC_STRINGS = YES;
				SWIFT_VERSION = 5.0;
				TARGETED_DEVICE_FAMILY = "1,2";
			};
			name = Release;
		};
		97F12D7C29B56839009F74B3 /* Debug */ = {
			isa = XCBuildConfiguration;
			buildSettings = {
				BUNDLE_LOADER = "$(TEST_HOST)";
				CODE_SIGN_STYLE = Automatic;
				CURRENT_PROJECT_VERSION = 1;
				DEVELOPMENT_TEAM = WP95FZ7WFY;
				GENERATE_INFOPLIST_FILE = YES;
				MARKETING_VERSION = 1.0;
				PRODUCT_BUNDLE_IDENTIFIER = "com.Kedar.FlowMagic-SDKTests";
				PRODUCT_NAME = "$(TARGET_NAME)";
				SWIFT_EMIT_LOC_STRINGS = NO;
				SWIFT_VERSION = 5.0;
				TARGETED_DEVICE_FAMILY = "1,2";
				TEST_HOST = "$(BUILT_PRODUCTS_DIR)/FlowMagic-SDK.app/$(BUNDLE_EXECUTABLE_FOLDER_PATH)/FlowMagic-SDK";
			};
			name = Debug;
		};
		97F12D7D29B56839009F74B3 /* Release */ = {
			isa = XCBuildConfiguration;
			buildSettings = {
				BUNDLE_LOADER = "$(TEST_HOST)";
				CODE_SIGN_STYLE = Automatic;
				CURRENT_PROJECT_VERSION = 1;
				DEVELOPMENT_TEAM = WP95FZ7WFY;
				GENERATE_INFOPLIST_FILE = YES;
				MARKETING_VERSION = 1.0;
				PRODUCT_BUNDLE_IDENTIFIER = "com.Kedar.FlowMagic-SDKTests";
				PRODUCT_NAME = "$(TARGET_NAME)";
				SWIFT_EMIT_LOC_STRINGS = NO;
				SWIFT_VERSION = 5.0;
				TARGETED_DEVICE_FAMILY = "1,2";
				TEST_HOST = "$(BUILT_PRODUCTS_DIR)/FlowMagic-SDK.app/$(BUNDLE_EXECUTABLE_FOLDER_PATH)/FlowMagic-SDK";
			};
			name = Release;
		};
/* End XCBuildConfiguration section */

/* Begin XCConfigurationList section */
		97F12D2229B44EAD009F74B3 /* Build configuration list for PBXProject "FlowMagic-SDK" */ = {
			isa = XCConfigurationList;
			buildConfigurations = (
				97F12D3329B44EAE009F74B3 /* Debug */,
				97F12D3429B44EAE009F74B3 /* Release */,
			);
			defaultConfigurationIsVisible = 0;
			defaultConfigurationName = Release;
		};
		97F12D3529B44EAE009F74B3 /* Build configuration list for PBXNativeTarget "FlowMagic-SDK" */ = {
			isa = XCConfigurationList;
			buildConfigurations = (
				97F12D3629B44EAE009F74B3 /* Debug */,
				97F12D3729B44EAE009F74B3 /* Release */,
			);
			defaultConfigurationIsVisible = 0;
			defaultConfigurationName = Release;
		};
		97F12D7B29B56839009F74B3 /* Build configuration list for PBXNativeTarget "FlowMagic-SDKTests" */ = {
			isa = XCConfigurationList;
			buildConfigurations = (
				97F12D7C29B56839009F74B3 /* Debug */,
				97F12D7D29B56839009F74B3 /* Release */,
			);
			defaultConfigurationIsVisible = 0;
			defaultConfigurationName = Release;
		};
/* End XCConfigurationList section */
	};
	rootObject = 97F12D1F29B44EAD009F74B3 /* Project object */;
}
